// !$*UTF8*$!
{
	archiveVersion = 1;
	classes = {
	};
	objectVersion = 46;
	objects = {

/* Begin PBXBuildFile section */
		3326B3071E12C4D000558768 /* AppDelegate.swift in Sources */ = {isa = PBXBuildFile; fileRef = 3326B3061E12C4D000558768 /* AppDelegate.swift */; };
		3326B3091E12C4D000558768 /* ViewController.swift in Sources */ = {isa = PBXBuildFile; fileRef = 3326B3081E12C4D000558768 /* ViewController.swift */; };
		3326B30C1E12C4D000558768 /* Main.storyboard in Resources */ = {isa = PBXBuildFile; fileRef = 3326B30A1E12C4D000558768 /* Main.storyboard */; };
		3326B30E1E12C4D000558768 /* Assets.xcassets in Resources */ = {isa = PBXBuildFile; fileRef = 3326B30D1E12C4D000558768 /* Assets.xcassets */; };
		3326B3111E12C4D000558768 /* LaunchScreen.storyboard in Resources */ = {isa = PBXBuildFile; fileRef = 3326B30F1E12C4D000558768 /* LaunchScreen.storyboard */; };
/* End PBXBuildFile section */

/* Begin PBXFileReference section */
		3326B3031E12C4D000558768 /* Swift3_SendData.app */ = {isa = PBXFileReference; explicitFileType = wrapper.application; includeInIndex = 0; path = Swift3_SendData.app; sourceTree = BUILT_PRODUCTS_DIR; };
		3326B3061E12C4D000558768 /* AppDelegate.swift */ = {isa = PBXFileReference; lastKnownFileType = sourcecode.swift; path = AppDelegate.swift; sourceTree = "<group>"; };
		3326B3081E12C4D000558768 /* ViewController.swift */ = {isa = PBXFileReference; lastKnownFileType = sourcecode.swift; path = ViewController.swift; sourceTree = "<group>"; };
		3326B30B1E12C4D000558768 /* Base */ = {isa = PBXFileReference; lastKnownFileType = file.storyboard; name = Base; path = Base.lproj/Main.storyboard; sourceTree = "<group>"; };
		3326B30D1E12C4D000558768 /* Assets.xcassets */ = {isa = PBXFileReference; lastKnownFileType = folder.assetcatalog; path = Assets.xcassets; sourceTree = "<group>"; };
		3326B3101E12C4D000558768 /* Base */ = {isa = PBXFileReference; lastKnownFileType = file.storyboard; name = Base; path = Base.lproj/LaunchScreen.storyboard; sourceTree = "<group>"; };
		3326B3121E12C4D000558768 /* Info.plist */ = {isa = PBXFileReference; lastKnownFileType = text.plist.xml; path = Info.plist; sourceTree = "<group>"; };
/* End PBXFileReference section */

/* Begin PBXFrameworksBuildPhase section */
		3326B3001E12C4D000558768 /* Frameworks */ = {
			isa = PBXFrameworksBuildPhase;
			buildActionMask = 2147483647;
			files = (
			);
			runOnlyForDeploymentPostprocessing = 0;
		};
/* End PBXFrameworksBuildPhase section */

/* Begin PBXGroup section */
		3326B2FA1E12C4D000558768 = {
			isa = PBXGroup;
			children = (
				3326B3051E12C4D000558768 /* Swift3_SendData */,
				3326B3041E12C4D000558768 /* Products */,
			);
			sourceTree = "<group>";
		};
		3326B3041E12C4D000558768 /* Products */ = {
			isa = PBXGroup;
			children = (
				3326B3031E12C4D000558768 /* Swift3_SendData.app */,
			);
			name = Products;
			sourceTree = "<group>";
		};
		3326B3051E12C4D000558768 /* Swift3_SendData */ = {
			isa = PBXGroup;
			children = (
				3326B3061E12C4D000558768 /* AppDelegate.swift */,
				3326B3081E12C4D000558768 /* ViewController.swift */,
				3326B30A1E12C4D000558768 /* Main.storyboard */,
				3326B30D1E12C4D000558768 /* Assets.xcassets */,
				3326B30F1E12C4D000558768 /* LaunchScreen.storyboard */,
				3326B3121E12C4D000558768 /* Info.plist */,
			);
			path = Swift3_SendData;
			sourceTree = "<group>";
		};
/* End PBXGroup section */

/* Begin PBXNativeTarget section */
		3326B3021E12C4D000558768 /* Swift3_SendData */ = {
			isa = PBXNativeTarget;
			buildConfigurationList = 3326B3151E12C4D000558768 /* Build configuration list for PBXNativeTarget "Swift3_SendData" */;
			buildPhases = (
				3326B2FF1E12C4D000558768 /* Sources */,
				3326B3001E12C4D000558768 /* Frameworks */,
				3326B3011E12C4D000558768 /* Resources */,
			);
			buildRules = (
			);
			dependencies = (
			);
			name = Swift3_SendData;
			productName = Swift3_SendData;
			productReference = 3326B3031E12C4D000558768 /* Swift3_SendData.app */;
			productType = "com.apple.product-type.application";
		};
/* End PBXNativeTarget section */

/* Begin PBXProject section */
		3326B2FB1E12C4D000558768 /* Project object */ = {
			isa = PBXProject;
			attributes = {
				LastSwiftUpdateCheck = 0820;
				LastUpgradeCheck = 0820;
				ORGANIZATIONNAME = com.kaleidosstudio;
				TargetAttributes = {
					3326B3021E12C4D000558768 = {
						CreatedOnToolsVersion = 8.2.1;
						DevelopmentTeam = EYQ528NVX6;
						ProvisioningStyle = Automatic;
					};
				};
			};
			buildConfigurationList = 3326B2FE1E12C4D000558768 /* Build configuration list for PBXProject "Swift3_SendData" */;
			compatibilityVersion = "Xcode 3.2";
			developmentRegion = English;
			hasScannedForEncodings = 0;
			knownRegions = (
				en,
				Base,
			);
			mainGroup = 3326B2FA1E12C4D000558768;
			productRefGroup = 3326B3041E12C4D000558768 /* Products */;
			projectDirPath = "";
			projectRoot = "";
			targets = (
				3326B3021E12C4D000558768 /* Swift3_SendData */,
			);
		};
/* End PBXProject section */

/* Begin PBXResourcesBuildPhase section */
		3326B3011E12C4D000558768 /* Resources */ = {
			isa = PBXResourcesBuildPhase;
			buildActionMask = 2147483647;
			files = (
				3326B3111E12C4D000558768 /* LaunchScreen.storyboard in Resources */,
				3326B30E1E12C4D000558768 /* Assets.xcassets in Resources */,
				3326B30C1E12C4D000558768 /* Main.storyboard in Resources */,
			);
			runOnlyForDeploymentPostprocessing = 0;
		};
/* End PBXResourcesBuildPhase section */

/* Begin PBXSourcesBuildPhase section */
		3326B2FF1E12C4D000558768 /* Sources */ = {
			isa = PBXSourcesBuildPhase;
			buildActionMask = 2147483647;
			files = (
				3326B3091E12C4D000558768 /* ViewController.swift in Sources */,
				3326B3071E12C4D000558768 /* AppDelegate.swift in Sources */,
			);
			runOnlyForDeploymentPostprocessing = 0;
		};
/* End PBXSourcesBuildPhase section */

/* Begin PBXVariantGroup section */
		3326B30A1E12C4D000558768 /* Main.storyboard */ = {
			isa = PBXVariantGroup;
			children = (
				3326B30B1E12C4D000558768 /* Base */,
			);
			name = Main.storyboard;
			sourceTree = "<group>";
		};
		3326B30F1E12C4D000558768 /* LaunchScreen.storyboard */ = {
			isa = PBXVariantGroup;
			children = (
				3326B3101E12C4D000558768 /* Base */,
			);
			name = LaunchScreen.storyboard;
			sourceTree = "<group>";
		};
/* End PBXVariantGroup section */

/* Begin XCBuildConfiguration section */
		3326B3131E12C4D000558768 /* Debug */ = {
			isa = XCBuildConfiguration;
			buildSettings = {
				ALWAYS_SEARCH_USER_PATHS = NO;
				CLANG_ANALYZER_NONNULL = YES;
				CLANG_CXX_LANGUAGE_STANDARD = "gnu++0x";
				CLANG_CXX_LIBRARY = "libc++";
				CLANG_ENABLE_MODULES = YES;
				CLANG_ENABLE_OBJC_ARC = YES;
				CLANG_WARN_BOOL_CONVERSION = YES;
				CLANG_WARN_CONSTANT_CONVERSION = YES;
				CLANG_WARN_DIRECT_OBJC_ISA_USAGE = YES_ERROR;
				CLANG_WARN_DOCUMENTATION_COMMENTS = YES;
				CLANG_WARN_EMPTY_BODY = YES;
				CLANG_WARN_ENUM_CONVERSION = YES;
				CLANG_WARN_INFINITE_RECURSION = YES;
				CLANG_WARN_INT_CONVERSION = YES;
				CLANG_WARN_OBJC_ROOT_CLASS = YES_ERROR;
				CLANG_WARN_SUSPICIOUS_MOVE = YES;
				CLANG_WARN_UNREACHABLE_CODE = YES;
				CLANG_WARN__DUPLICATE_METHOD_MATCH = YES;
				"CODE_SIGN_IDENTITY[sdk=iphoneos*]" = "iPhone Developer";
				COPY_PHASE_STRIP = NO;
				DEBUG_INFORMATION_FORMAT = dwarf;
				ENABLE_STRICT_OBJC_MSGSEND = YES;
				ENABLE_TESTABILITY = YES;
				GCC_C_LANGUAGE_STANDARD = gnu99;
				GCC_DYNAMIC_NO_PIC = NO;
				GCC_NO_COMMON_BLOCKS = YES;
				GCC_OPTIMIZATION_LEVEL = 0;
				GCC_PREPROCESSOR_DEFINITIONS = (
					"DEBUG=1",
					"$(inherited)",
				);
				GCC_WARN_64_TO_32_BIT_CONVERSION = YES;
				GCC_WARN_ABOUT_RETURN_TYPE = YES_ERROR;
				GCC_WARN_UNDECLARED_SELECTOR = YES;
				GCC_WARN_UNINITIALIZED_AUTOS = YES_AGGRESSIVE;
				GCC_WARN_UNUSED_FUNCTION = YES;
				GCC_WARN_UNUSED_VARIABLE = YES;
				IPHONEOS_DEPLOYMENT_TARGET = 10.2;
				MTL_ENABLE_DEBUG_INFO = YES;
				ONLY_ACTIVE_ARCH = YES;
				SDKROOT = iphoneos;
				SWIFT_ACTIVE_COMPILATION_CONDITIONS = DEBUG;
				SWIFT_OPTIMIZATION_LEVEL = "-Onone";
				TARGETED_DEVICE_FAMILY = "1,2";
			};
			name = Debug;
		};
		3326B3141E12C4D000558768 /* Release */ = {
			isa = XCBuildConfiguration;
			buildSettings = {
				ALWAYS_SEARCH_USER_PATHS = NO;
				CLANG_ANALYZER_NONNULL = YES;
				CLANG_CXX_LANGUAGE_STANDARD = "gnu++0x";
				CLANG_CXX_LIBRARY = "libc++";
				CLANG_ENABLE_MODULES = YES;
				CLANG_ENABLE_OBJC_ARC = YES;
				CLANG_WARN_BOOL_CONVERSION = YES;
				CLANG_WARN_CONSTANT_CONVERSION = YES;
				CLANG_WARN_DIRECT_OBJC_ISA_USAGE = YES_ERROR;
				CLANG_WARN_DOCUMENTATION_COMMENTS = YES;
				CLANG_WARN_EMPTY_BODY = YES;
				CLANG_WARN_ENUM_CONVERSION = YES;
				CLANG_WARN_INFINITE_RECURSION = YES;
				CLANG_WARN_INT_CONVERSION = YES;
				CLANG_WARN_OBJC_ROOT_CLASS = YES_ERROR;
				CLANG_WARN_SUSPICIOUS_MOVE = YES;
				CLANG_WARN_UNREACHABLE_CODE = YES;
				CLANG_WARN__DUPLICATE_METHOD_MATCH = YES;
				"CODE_SIGN_IDENTITY[sdk=iphoneos*]" = "iPhone Developer";
				COPY_PHASE_STRIP = NO;
				DEBUG_INFORMATION_FORMAT = "dwarf-with-dsym";
				ENABLE_NS_ASSERTIONS = NO;
				ENABLE_STRICT_OBJC_MSGSEND = YES;
				GCC_C_LANGUAGE_STANDARD = gnu99;
				GCC_NO_COMMON_BLOCKS = YES;
				GCC_WARN_64_TO_32_BIT_CONVERSION = YES;
				GCC_WARN_ABOUT_RETURN_TYPE = YES_ERROR;
				GCC_WARN_UNDECLARED_SELECTOR = YES;
				GCC_WARN_UNINITIALIZED_AUTOS = YES_AGGRESSIVE;
				GCC_WARN_UNUSED_FUNCTION = YES;
				GCC_WARN_UNUSED_VARIABLE = YES;
				IPHONEOS_DEPLOYMENT_TARGET = 10.2;
				MTL_ENABLE_DEBUG_INFO = NO;
				SDKROOT = iphoneos;
				SWIFT_OPTIMIZATION_LEVEL = "-Owholemodule";
				TARGETED_DEVICE_FAMILY = "1,2";
				VALIDATE_PRODUCT = YES;
			};
			name = Release;
		};
		3326B3161E12C4D000558768 /* Debug */ = {
			isa = XCBuildConfiguration;
			buildSettings = {
				ASSETCATALOG_COMPILER_APPICON_NAME = AppIcon;
				DEVELOPMENT_TEAM = EYQ528NVX6;
				INFOPLIST_FILE = Swift3_SendData/Info.plist;
				IPHONEOS_DEPLOYMENT_TARGET = 8.1;
				LD_RUNPATH_SEARCH_PATHS = "$(inherited) @executable_path/Frameworks";
				PRODUCT_BUNDLE_IDENTIFIER = "com.kaleidosstudio.Swift3-SendData";
				PRODUCT_NAME = "$(TARGET_NAME)";
				SWIFT_VERSION = 3.0;
			};
			name = Debug;
		};
		3326B3171E12C4D000558768 /* Release */ = {
			isa = XCBuildConfiguration;
			buildSettings = {
				ASSETCATALOG_COMPILER_APPICON_NAME = AppIcon;
				DEVELOPMENT_TEAM = EYQ528NVX6;
				INFOPLIST_FILE = Swift3_SendData/Info.plist;
				IPHONEOS_DEPLOYMENT_TARGET = 8.1;
				LD_RUNPATH_SEARCH_PATHS = "$(inherited) @executable_path/Frameworks";
				PRODUCT_BUNDLE_IDENTIFIER = "com.kaleidosstudio.Swift3-SendData";
				PRODUCT_NAME = "$(TARGET_NAME)";
				SWIFT_VERSION = 3.0;
			};
			name = Release;
		};
/* End XCBuildConfiguration section */

/* Begin XCConfigurationList section */
		3326B2FE1E12C4D000558768 /* Build configuration list for PBXProject "Swift3_SendData" */ = {
			isa = XCConfigurationList;
			buildConfigurations = (
				3326B3131E12C4D000558768 /* Debug */,
				3326B3141E12C4D000558768 /* Release */,
			);
			defaultConfigurationIsVisible = 0;
			defaultConfigurationName = Release;
		};
		3326B3151E12C4D000558768 /* Build configuration list for PBXNativeTarget "Swift3_SendData" */ = {
			isa = XCConfigurationList;
			buildConfigurations = (
				3326B3161E12C4D000558768 /* Debug */,
				3326B3171E12C4D000558768 /* Release */,
			);
			defaultConfigurationIsVisible = 0;
			defaultConfigurationName = Release;
		};
/* End XCConfigurationList section */
	};
	rootObject = 3326B2FB1E12C4D000558768 /* Project object */;
}
